# This file was autogenerated by Stack.
# You should not edit this file by hand.
# For more information, please see the documentation at:
#   https://docs.haskellstack.org/en/stable/lock_files

packages:
- completed:
    hackage: monadlist-0.0.2@sha256:978305e3f03dd5f65c673b551124dac0c39a247c2c14d84739ca9a3405fbb63a,904
    pantry-tree:
      size: 222
      sha256: 3a30e1c54fd12824b5259b600dae6ba33c0162754d91c0c6a25435d0aae7ac7d
  original:
    hackage: monadlist-0.0.2@sha256:978305e3f03dd5f65c673b551124dac0c39a247c2c14d84739ca9a3405fbb63a,904
- completed:
    hackage: optparse-applicative-0.16.1.0@sha256:d410cc76e288b93d4ee7e06addc0381a7eaea43bcee0c3ced03f05cadec2f2fc,4836
    pantry-tree:
      size: 2979
      sha256: bfff15197c553035578163cd3da352bcddcf0f11f57ae40ead22ef6dd120c40c
  original:
    hackage: optparse-applicative-0.16.1.0@sha256:d410cc76e288b93d4ee7e06addc0381a7eaea43bcee0c3ced03f05cadec2f2fc,4836
snapshots:
- completed:
    size: 532835
    url: https://raw.githubusercontent.com/commercialhaskell/stackage-snapshots/master/lts/16/24.yaml
    sha256: cf2b52420b2262fe9cf0f6744929120131abd6675b1c3fb2d8b155a47f80d103
  original: lts-16.24
